
Microsoft Visual Studio Solution File, Format Version 12.00
# Visual Studio Version 17
VisualStudioVersion = 17.5.33424.131
MinimumVisualStudioVersion = 10.0.40219.1
Project("{2150E333-8FDC-42A3-9474-1A3956D46DE8}") = "Domain", "Domain", "{08049A5B-3988-4DCE-AAE5-697D3BCE63A9}"
EndProject
Project("{2150E333-8FDC-42A3-9474-1A3956D46DE8}") = "Infra.Bus", "Infra.Bus", "{44309581-309E-485C-AB9E-73E0C869B616}"
EndProject
Project("{2150E333-8FDC-42A3-9474-1A3956D46DE8}") = "Infra.IoC", "Infra.IoC", "{260A144B-94A0-46E9-A1A3-E55505A6AD60}"
EndProject
Project("{2150E333-8FDC-42A3-9474-1A3956D46DE8}") = "Microservices", "Microservices", "{E4185F72-533C-4E22-A4B5-73F0888454B2}"
EndProject
Project("{9A19103F-16F7-4668-BE54-9A1E7A4F7556}") = "MicroRabbit.Domain.Core", "MicroRabbit.Domain.Core\MicroRabbit.Domain.Core.csproj", "{32A7275E-1319-4E25-9150-9A7989585997}"
EndProject
Project("{9A19103F-16F7-4668-BE54-9A1E7A4F7556}") = "MicroRabbit.Infra.Bus", "MicroRabbit.Infra.Bus\MicroRabbit.Infra.Bus.csproj", "{AD51E198-5113-4C78-9AF3-A394E164053F}"
EndProject
Project("{9A19103F-16F7-4668-BE54-9A1E7A4F7556}") = "MicroRabbit.Infra.IoC", "MicroRabbit.Infra.IoC\MicroRabbit.Infra.IoC.csproj", "{8172A8FA-FE2C-4F24-B72B-3F7183ECA98A}"
EndProject
Project("{2150E333-8FDC-42A3-9474-1A3956D46DE8}") = "Banking", "Banking", "{9F32B54F-C7EC-4B77-AB40-776338ECC478}"
EndProject
Project("{2150E333-8FDC-42A3-9474-1A3956D46DE8}") = "Api", "Api", "{0CB57B26-532B-4FE2-8A49-F3408C55A00D}"
EndProject
Project("{2150E333-8FDC-42A3-9474-1A3956D46DE8}") = "Application", "Application", "{4C4FCB9D-D5C0-49A9-9F8B-260F8D8BCC81}"
EndProject
Project("{2150E333-8FDC-42A3-9474-1A3956D46DE8}") = "Domain", "Domain", "{598980DD-6598-46BA-A665-5EDD312A9F1D}"
EndProject
Project("{2150E333-8FDC-42A3-9474-1A3956D46DE8}") = "Data", "Data", "{C1F13184-DFB1-4CE7-A407-685FC604C12F}"
EndProject
Project("{9A19103F-16F7-4668-BE54-9A1E7A4F7556}") = "MicroRabbit.Banking.Api", "MicroRabbit.Banking.Api\MicroRabbit.Banking.Api.csproj", "{FEEF1F4A-D003-4873-A8E1-D861F689B5CC}"
EndProject
Project("{9A19103F-16F7-4668-BE54-9A1E7A4F7556}") = "MicroRabbit.Banking.Application", "MicroRabbit.Banking.Application\MicroRabbit.Banking.Application.csproj", "{AA16B94E-BC3A-4024-8482-BB45A182ECDB}"
EndProject
Project("{9A19103F-16F7-4668-BE54-9A1E7A4F7556}") = "MicroRabbit.Banking.Data", "MicroRabbit.Banking.Data\MicroRabbit.Banking.Data.csproj", "{61979ABE-C32E-4F90-9102-1D5349EB6A48}"
EndProject
Project("{9A19103F-16F7-4668-BE54-9A1E7A4F7556}") = "MicroRabbit.Banking.Domain", "MicroRabbit.Banking.Domain\MicroRabbit.Banking.Domain.csproj", "{BA4427D9-5BC9-4FD6-A1BB-2904681E11A5}"
EndProject
Project("{2150E333-8FDC-42A3-9474-1A3956D46DE8}") = "Transfer", "Transfer", "{19C32CAB-0B4C-45D8-8855-4B9AA6869D90}"
EndProject
Project("{2150E333-8FDC-42A3-9474-1A3956D46DE8}") = "Api", "Api", "{5CAD7097-F293-48E6-830D-AC7BE6A32EDF}"
EndProject
Project("{2150E333-8FDC-42A3-9474-1A3956D46DE8}") = "Application", "Application", "{67DDA3BA-73A9-43D0-B00F-2AD8DE4F582A}"
EndProject
Project("{2150E333-8FDC-42A3-9474-1A3956D46DE8}") = "Data", "Data", "{DB89D65F-C873-4B15-8DF4-996C38C19838}"
EndProject
Project("{2150E333-8FDC-42A3-9474-1A3956D46DE8}") = "Domain", "Domain", "{DABC6CE9-1088-4933-9A06-278CBFE7521F}"
EndProject
Project("{FAE04EC0-301F-11D3-BF4B-00C04F79EFBC}") = "MicroRabbit.Transfer.Api", "MicroRabbit.Transfer.Api\MicroRabbit.Transfer.Api.csproj", "{B5DB67CB-2036-4B1A-B735-C88EF24167EC}"
EndProject
Project("{FAE04EC0-301F-11D3-BF4B-00C04F79EFBC}") = "MicroRabbit.Transfer.Application", "MicroRabbit.Transfer.Application\MicroRabbit.Transfer.Application.csproj", "{5094467E-B705-4D5D-BC1F-8546D552E901}"
EndProject
Project("{FAE04EC0-301F-11D3-BF4B-00C04F79EFBC}") = "MicroRabbit.Transfer.Data", "MicroRabbit.Transfer.Data\MicroRabbit.Transfer.Data.csproj", "{F460CC34-C98F-4E37-9869-53A9BBD55ACF}"
EndProject
Project("{FAE04EC0-301F-11D3-BF4B-00C04F79EFBC}") = "MicroRabbit.Transfer.Domain", "MicroRabbit.Transfer.Domain\MicroRabbit.Transfer.Domain.csproj", "{0C6CF737-6998-4DC8-A4FB-044C1F630C24}"
EndProject
Global
	GlobalSection(SolutionConfigurationPlatforms) = preSolution
		Debug|Any CPU = Debug|Any CPU
		Release|Any CPU = Release|Any CPU
	EndGlobalSection
	GlobalSection(ProjectConfigurationPlatforms) = postSolution
		{32A7275E-1319-4E25-9150-9A7989585997}.Debug|Any CPU.ActiveCfg = Debug|Any CPU
		{32A7275E-1319-4E25-9150-9A7989585997}.Debug|Any CPU.Build.0 = Debug|Any CPU
		{32A7275E-1319-4E25-9150-9A7989585997}.Release|Any CPU.ActiveCfg = Release|Any CPU
		{32A7275E-1319-4E25-9150-9A7989585997}.Release|Any CPU.Build.0 = Release|Any CPU
		{AD51E198-5113-4C78-9AF3-A394E164053F}.Debug|Any CPU.ActiveCfg = Debug|Any CPU
		{AD51E198-5113-4C78-9AF3-A394E164053F}.Debug|Any CPU.Build.0 = Debug|Any CPU
		{AD51E198-5113-4C78-9AF3-A394E164053F}.Release|Any CPU.ActiveCfg = Release|Any CPU
		{AD51E198-5113-4C78-9AF3-A394E164053F}.Release|Any CPU.Build.0 = Release|Any CPU
		{8172A8FA-FE2C-4F24-B72B-3F7183ECA98A}.Debug|Any CPU.ActiveCfg = Debug|Any CPU
		{8172A8FA-FE2C-4F24-B72B-3F7183ECA98A}.Debug|Any CPU.Build.0 = Debug|Any CPU
		{8172A8FA-FE2C-4F24-B72B-3F7183ECA98A}.Release|Any CPU.ActiveCfg = Release|Any CPU
		{8172A8FA-FE2C-4F24-B72B-3F7183ECA98A}.Release|Any CPU.Build.0 = Release|Any CPU
		{FEEF1F4A-D003-4873-A8E1-D861F689B5CC}.Debug|Any CPU.ActiveCfg = Debug|Any CPU
		{FEEF1F4A-D003-4873-A8E1-D861F689B5CC}.Debug|Any CPU.Build.0 = Debug|Any CPU
		{FEEF1F4A-D003-4873-A8E1-D861F689B5CC}.Release|Any CPU.ActiveCfg = Release|Any CPU
		{FEEF1F4A-D003-4873-A8E1-D861F689B5CC}.Release|Any CPU.Build.0 = Release|Any CPU
		{AA16B94E-BC3A-4024-8482-BB45A182ECDB}.Debug|Any CPU.ActiveCfg = Debug|Any CPU
		{AA16B94E-BC3A-4024-8482-BB45A182ECDB}.Debug|Any CPU.Build.0 = Debug|Any CPU
		{AA16B94E-BC3A-4024-8482-BB45A182ECDB}.Release|Any CPU.ActiveCfg = Release|Any CPU
		{AA16B94E-BC3A-4024-8482-BB45A182ECDB}.Release|Any CPU.Build.0 = Release|Any CPU
		{61979ABE-C32E-4F90-9102-1D5349EB6A48}.Debug|Any CPU.ActiveCfg = Debug|Any CPU
		{61979ABE-C32E-4F90-9102-1D5349EB6A48}.Debug|Any CPU.Build.0 = Debug|Any CPU
		{61979ABE-C32E-4F90-9102-1D5349EB6A48}.Release|Any CPU.ActiveCfg = Release|Any CPU
		{61979ABE-C32E-4F90-9102-1D5349EB6A48}.Release|Any CPU.Build.0 = Release|Any CPU
		{BA4427D9-5BC9-4FD6-A1BB-2904681E11A5}.Debug|Any CPU.ActiveCfg = Debug|Any CPU
		{BA4427D9-5BC9-4FD6-A1BB-2904681E11A5}.Debug|Any CPU.Build.0 = Debug|Any CPU
		{BA4427D9-5BC9-4FD6-A1BB-2904681E11A5}.Release|Any CPU.ActiveCfg = Release|Any CPU
		{BA4427D9-5BC9-4FD6-A1BB-2904681E11A5}.Release|Any CPU.Build.0 = Release|Any CPU
		{B5DB67CB-2036-4B1A-B735-C88EF24167EC}.Debug|Any CPU.ActiveCfg = Debug|Any CPU
		{B5DB67CB-2036-4B1A-B735-C88EF24167EC}.Debug|Any CPU.Build.0 = Debug|Any CPU
		{B5DB67CB-2036-4B1A-B735-C88EF24167EC}.Release|Any CPU.ActiveCfg = Release|Any CPU
		{B5DB67CB-2036-4B1A-B735-C88EF24167EC}.Release|Any CPU.Build.0 = Release|Any CPU
		{5094467E-B705-4D5D-BC1F-8546D552E901}.Debug|Any CPU.ActiveCfg = Debug|Any CPU
		{5094467E-B705-4D5D-BC1F-8546D552E901}.Debug|Any CPU.Build.0 = Debug|Any CPU
		{5094467E-B705-4D5D-BC1F-8546D552E901}.Release|Any CPU.ActiveCfg = Release|Any CPU
		{5094467E-B705-4D5D-BC1F-8546D552E901}.Release|Any CPU.Build.0 = Release|Any CPU
		{F460CC34-C98F-4E37-9869-53A9BBD55ACF}.Debug|Any CPU.ActiveCfg = Debug|Any CPU
		{F460CC34-C98F-4E37-9869-53A9BBD55ACF}.Debug|Any CPU.Build.0 = Debug|Any CPU
		{F460CC34-C98F-4E37-9869-53A9BBD55ACF}.Release|Any CPU.ActiveCfg = Release|Any CPU
		{F460CC34-C98F-4E37-9869-53A9BBD55ACF}.Release|Any CPU.Build.0 = Release|Any CPU
		{0C6CF737-6998-4DC8-A4FB-044C1F630C24}.Debug|Any CPU.ActiveCfg = Debug|Any CPU
		{0C6CF737-6998-4DC8-A4FB-044C1F630C24}.Debug|Any CPU.Build.0 = Debug|Any CPU
		{0C6CF737-6998-4DC8-A4FB-044C1F630C24}.Release|Any CPU.ActiveCfg = Release|Any CPU
		{0C6CF737-6998-4DC8-A4FB-044C1F630C24}.Release|Any CPU.Build.0 = Release|Any CPU
	EndGlobalSection
	GlobalSection(SolutionProperties) = preSolution
		HideSolutionNode = FALSE
	EndGlobalSection
	GlobalSection(NestedProjects) = preSolution
		{32A7275E-1319-4E25-9150-9A7989585997} = {08049A5B-3988-4DCE-AAE5-697D3BCE63A9}
		{AD51E198-5113-4C78-9AF3-A394E164053F} = {44309581-309E-485C-AB9E-73E0C869B616}
		{8172A8FA-FE2C-4F24-B72B-3F7183ECA98A} = {260A144B-94A0-46E9-A1A3-E55505A6AD60}
		{9F32B54F-C7EC-4B77-AB40-776338ECC478} = {E4185F72-533C-4E22-A4B5-73F0888454B2}
		{0CB57B26-532B-4FE2-8A49-F3408C55A00D} = {9F32B54F-C7EC-4B77-AB40-776338ECC478}
		{4C4FCB9D-D5C0-49A9-9F8B-260F8D8BCC81} = {9F32B54F-C7EC-4B77-AB40-776338ECC478}
		{598980DD-6598-46BA-A665-5EDD312A9F1D} = {9F32B54F-C7EC-4B77-AB40-776338ECC478}
		{C1F13184-DFB1-4CE7-A407-685FC604C12F} = {9F32B54F-C7EC-4B77-AB40-776338ECC478}
		{FEEF1F4A-D003-4873-A8E1-D861F689B5CC} = {0CB57B26-532B-4FE2-8A49-F3408C55A00D}
		{AA16B94E-BC3A-4024-8482-BB45A182ECDB} = {4C4FCB9D-D5C0-49A9-9F8B-260F8D8BCC81}
		{61979ABE-C32E-4F90-9102-1D5349EB6A48} = {C1F13184-DFB1-4CE7-A407-685FC604C12F}
		{BA4427D9-5BC9-4FD6-A1BB-2904681E11A5} = {598980DD-6598-46BA-A665-5EDD312A9F1D}
		{19C32CAB-0B4C-45D8-8855-4B9AA6869D90} = {E4185F72-533C-4E22-A4B5-73F0888454B2}
		{5CAD7097-F293-48E6-830D-AC7BE6A32EDF} = {19C32CAB-0B4C-45D8-8855-4B9AA6869D90}
		{67DDA3BA-73A9-43D0-B00F-2AD8DE4F582A} = {19C32CAB-0B4C-45D8-8855-4B9AA6869D90}
		{DB89D65F-C873-4B15-8DF4-996C38C19838} = {19C32CAB-0B4C-45D8-8855-4B9AA6869D90}
		{DABC6CE9-1088-4933-9A06-278CBFE7521F} = {19C32CAB-0B4C-45D8-8855-4B9AA6869D90}
		{B5DB67CB-2036-4B1A-B735-C88EF24167EC} = {5CAD7097-F293-48E6-830D-AC7BE6A32EDF}
		{5094467E-B705-4D5D-BC1F-8546D552E901} = {67DDA3BA-73A9-43D0-B00F-2AD8DE4F582A}
		{F460CC34-C98F-4E37-9869-53A9BBD55ACF} = {DB89D65F-C873-4B15-8DF4-996C38C19838}
		{0C6CF737-6998-4DC8-A4FB-044C1F630C24} = {DABC6CE9-1088-4933-9A06-278CBFE7521F}
	EndGlobalSection
	GlobalSection(ExtensibilityGlobals) = postSolution
		SolutionGuid = {AE6D8596-A18C-4083-A40E-AC2DF32AD0F0}
	EndGlobalSection
EndGlobal
